
Microsoft Visual Studio Solution File, Format Version 12.00
# Visual Studio Version 17
VisualStudioVersion = 17.0.31912.275
MinimumVisualStudioVersion = 10.0.40219.1
Project("{9A19103F-16F7-4668-BE54-9A1E7A4F7556}") = "BravoLights.Tests", "BravoLights.Tests\BravoLights.Tests.csproj", "{5A84220D-FF6D-4EB6-AD47-47A430AEBFDE}"
EndProject
Project("{9A19103F-16F7-4668-BE54-9A1E7A4F7556}") = "BravoLights", "BravoLights\BravoLights.csproj", "{6FF6967E-5A00-4844-AA3D-FDECF9E7593E}"
EndProject
Project("{9A19103F-16F7-4668-BE54-9A1E7A4F7556}") = "BravoLights.Common", "BravoLights.Common\BravoLights.Common.csproj", "{60426C1C-884E-4727-8BAC-794E601CDD15}"
EndProject
Project("{9A19103F-16F7-4668-BE54-9A1E7A4F7556}") = "DCSBravoLights", "DCSBravoLights\DCSBravoLights.csproj", "{EF0B053E-4214-49B4-94A0-8B165981F822}"
EndProject
Project("{8BC9CEB8-8B4A-11D0-8D11-00A0C91BC942}") = "WasmModule", "WasmModule\WasmModule.vcxproj", "{A5468B35-BBBD-4C55-97ED-81BFE343B0E4}"
EndProject
Project("{2150E333-8FDC-42A3-9474-1A3956D46DE8}") = "Solution Items", "Solution Items", "{7C55C68B-E475-4274-A0DB-37A629D3FE8A}"
	ProjectSection(SolutionItems) = preProject
		.gitignore = .gitignore
		assemble-wasm-for-ide.cmd = assemble-wasm-for-ide.cmd
		MSFSWASMProject\PackageDefinitions\better-bravo-lights-lvar-module.xml = MSFSWASMProject\PackageDefinitions\better-bravo-lights-lvar-module.xml
		BetterBravoLights.exe.nlog = BetterBravoLights.exe.nlog
		MSFSWASMProject\BetterBravoLightsLVars.xml = MSFSWASMProject\BetterBravoLightsLVars.xml
		build-and-publish.ps1 = build-and-publish.ps1
		LICENSE = LICENSE
		README.md = README.md
	EndProjectSection
EndProject
Global
	GlobalSection(SolutionConfigurationPlatforms) = preSolution
		Debug|Any CPU = Debug|Any CPU
		Debug|MSFS = Debug|MSFS
		Release|Any CPU = Release|Any CPU
		Release|MSFS = Release|MSFS
	EndGlobalSection
	GlobalSection(ProjectConfigurationPlatforms) = postSolution
		{5A84220D-FF6D-4EB6-AD47-47A430AEBFDE}.Debug|Any CPU.ActiveCfg = Debug|Any CPU
		{5A84220D-FF6D-4EB6-AD47-47A430AEBFDE}.Debug|Any CPU.Build.0 = Debug|Any CPU
		{5A84220D-FF6D-4EB6-AD47-47A430AEBFDE}.Debug|MSFS.ActiveCfg = Debug|Any CPU
		{5A84220D-FF6D-4EB6-AD47-47A430AEBFDE}.Debug|MSFS.Build.0 = Debug|Any CPU
		{5A84220D-FF6D-4EB6-AD47-47A430AEBFDE}.Release|Any CPU.ActiveCfg = Release|Any CPU
		{5A84220D-FF6D-4EB6-AD47-47A430AEBFDE}.Release|Any CPU.Build.0 = Release|Any CPU
		{5A84220D-FF6D-4EB6-AD47-47A430AEBFDE}.Release|MSFS.ActiveCfg = Release|Any CPU
		{5A84220D-FF6D-4EB6-AD47-47A430AEBFDE}.Release|MSFS.Build.0 = Release|Any CPU
		{6FF6967E-5A00-4844-AA3D-FDECF9E7593E}.Debug|Any CPU.ActiveCfg = Debug|Any CPU
		{6FF6967E-5A00-4844-AA3D-FDECF9E7593E}.Debug|Any CPU.Build.0 = Debug|Any CPU
		{6FF6967E-5A00-4844-AA3D-FDECF9E7593E}.Debug|MSFS.ActiveCfg = Debug|Any CPU
		{6FF6967E-5A00-4844-AA3D-FDECF9E7593E}.Debug|MSFS.Build.0 = Debug|Any CPU
		{6FF6967E-5A00-4844-AA3D-FDECF9E7593E}.Release|Any CPU.ActiveCfg = Release|Any CPU
		{6FF6967E-5A00-4844-AA3D-FDECF9E7593E}.Release|Any CPU.Build.0 = Release|Any CPU
		{6FF6967E-5A00-4844-AA3D-FDECF9E7593E}.Release|MSFS.ActiveCfg = Release|Any CPU
		{6FF6967E-5A00-4844-AA3D-FDECF9E7593E}.Release|MSFS.Build.0 = Release|Any CPU
		{60426C1C-884E-4727-8BAC-794E601CDD15}.Debug|Any CPU.ActiveCfg = Debug|Any CPU
		{60426C1C-884E-4727-8BAC-794E601CDD15}.Debug|Any CPU.Build.0 = Debug|Any CPU
		{60426C1C-884E-4727-8BAC-794E601CDD15}.Debug|MSFS.ActiveCfg = Debug|Any CPU
		{60426C1C-884E-4727-8BAC-794E601CDD15}.Debug|MSFS.Build.0 = Debug|Any CPU
		{60426C1C-884E-4727-8BAC-794E601CDD15}.Release|Any CPU.ActiveCfg = Release|Any CPU
		{60426C1C-884E-4727-8BAC-794E601CDD15}.Release|Any CPU.Build.0 = Release|Any CPU
		{60426C1C-884E-4727-8BAC-794E601CDD15}.Release|MSFS.ActiveCfg = Release|Any CPU
		{60426C1C-884E-4727-8BAC-794E601CDD15}.Release|MSFS.Build.0 = Release|Any CPU
		{EF0B053E-4214-49B4-94A0-8B165981F822}.Debug|Any CPU.ActiveCfg = Debug|Any CPU
		{EF0B053E-4214-49B4-94A0-8B165981F822}.Debug|Any CPU.Build.0 = Debug|Any CPU
		{EF0B053E-4214-49B4-94A0-8B165981F822}.Debug|MSFS.ActiveCfg = Debug|Any CPU
		{EF0B053E-4214-49B4-94A0-8B165981F822}.Debug|MSFS.Build.0 = Debug|Any CPU
		{EF0B053E-4214-49B4-94A0-8B165981F822}.Release|Any CPU.ActiveCfg = Release|Any CPU
		{EF0B053E-4214-49B4-94A0-8B165981F822}.Release|Any CPU.Build.0 = Release|Any CPU
		{EF0B053E-4214-49B4-94A0-8B165981F822}.Release|MSFS.ActiveCfg = Release|Any CPU
		{EF0B053E-4214-49B4-94A0-8B165981F822}.Release|MSFS.Build.0 = Release|Any CPU
		{A5468B35-BBBD-4C55-97ED-81BFE343B0E4}.Debug|Any CPU.ActiveCfg = Debug|MSFS
		{A5468B35-BBBD-4C55-97ED-81BFE343B0E4}.Debug|Any CPU.Build.0 = Debug|MSFS
		{A5468B35-BBBD-4C55-97ED-81BFE343B0E4}.Debug|MSFS.ActiveCfg = Debug|MSFS
		{A5468B35-BBBD-4C55-97ED-81BFE343B0E4}.Debug|MSFS.Build.0 = Debug|MSFS
		{A5468B35-BBBD-4C55-97ED-81BFE343B0E4}.Release|Any CPU.ActiveCfg = Release|MSFS
		{A5468B35-BBBD-4C55-97ED-81BFE343B0E4}.Release|Any CPU.Build.0 = Release|MSFS
		{A5468B35-BBBD-4C55-97ED-81BFE343B0E4}.Release|MSFS.ActiveCfg = Release|MSFS
		{A5468B35-BBBD-4C55-97ED-81BFE343B0E4}.Release|MSFS.Build.0 = Release|MSFS
	EndGlobalSection
	GlobalSection(SolutionProperties) = preSolution
		HideSolutionNode = FALSE
	EndGlobalSection
	GlobalSection(ExtensibilityGlobals) = postSolution
		SolutionGuid = {6805C8D9-1B80-44D5-BF81-1DF3386EA961}
	EndGlobalSection
EndGlobal
